
Microsoft Visual Studio Solution File, Format Version 12.00
# Visual Studio 2012
Project("{8BC9CEB8-8B4A-11D0-8D11-00A0C91BC942}") = "QSort", "QSort\QSort.vcxproj", "{F03C1E93-C846-4D78-9369-2F8FB61D5582}"
EndProject
Global
	GlobalSection(SolutionConfigurationPlatforms) = preSolution
		Debug|Win32 = Debug|Win32
		Release|Win32 = Release|Win32
	EndGlobalSection
	GlobalSection(ProjectConfigurationPlatforms) = postSolution
		{F03C1E93-C846-4D78-9369-2F8FB61D5582}.Debug|Win32.ActiveCfg = Debug|Win32
		{F03C1E93-C846-4D78-9369-2F8FB61D5582}.Debug|Win32.Build.0 = Debug|Win32
		{F03C1E93-C846-4D78-9369-2F8FB61D5582}.Release|Win32.ActiveCfg = Release|Win32
		{F03C1E93-C846-4D78-9369-2F8FB61D5582}.Release|Win32.Build.0 = Release|Win32
	EndGlobalSection
	GlobalSection(SolutionProperties) = preSolution
		HideSolutionNode = FALSE
	EndGlobalSection
EndGlobal
